
Microsoft Visual Studio Solution File, Format Version 12.00
# Visual Studio Version 16
VisualStudioVersion = 16.0.30204.135
MinimumVisualStudioVersion = 10.0.40219.1
Project("{8BC9CEB8-8B4A-11D0-8D11-00A0C91BC942}") = "Assignment - 1B", "Assignment - 1B\Assignment - 1B.vcxproj", "{1355ACE2-DC72-4C36-80C1-5A92A3CCD48A}"
EndProject
Global
	GlobalSection(SolutionConfigurationPlatforms) = preSolution
		Debug|x64 = Debug|x64
		Debug|x86 = Debug|x86
		Release|x64 = Release|x64
		Release|x86 = Release|x86
	EndGlobalSection
	GlobalSection(ProjectConfigurationPlatforms) = postSolution
		{1355ACE2-DC72-4C36-80C1-5A92A3CCD48A}.Debug|x64.ActiveCfg = Debug|x64
		{1355ACE2-DC72-4C36-80C1-5A92A3CCD48A}.Debug|x64.Build.0 = Debug|x64
		{1355ACE2-DC72-4C36-80C1-5A92A3CCD48A}.Debug|x86.ActiveCfg = Debug|Win32
		{1355ACE2-DC72-4C36-80C1-5A92A3CCD48A}.Debug|x86.Build.0 = Debug|Win32
		{1355ACE2-DC72-4C36-80C1-5A92A3CCD48A}.Release|x64.ActiveCfg = Release|x64
		{1355ACE2-DC72-4C36-80C1-5A92A3CCD48A}.Release|x64.Build.0 = Release|x64
		{1355ACE2-DC72-4C36-80C1-5A92A3CCD48A}.Release|x86.ActiveCfg = Release|Win32
		{1355ACE2-DC72-4C36-80C1-5A92A3CCD48A}.Release|x86.Build.0 = Release|Win32
	EndGlobalSection
	GlobalSection(SolutionProperties) = preSolution
		HideSolutionNode = FALSE
	EndGlobalSection
	GlobalSection(ExtensibilityGlobals) = postSolution
		SolutionGuid = {6D0CE3BE-D9FE-439E-A957-D4C1C68A1A07}
	EndGlobalSection
EndGlobal
